
Microsoft Visual Studio Solution File, Format Version 12.00
# Visual Studio 15
VisualStudioVersion = 15.0.27703.2000
MinimumVisualStudioVersion = 10.0.40219.1
Project("{FAE04EC0-301F-11D3-BF4B-00C04F79EFBC}") = "RMS.Web", "RMS.Web\RMS.Web.csproj", "{1CAE3387-10C6-49F3-9FE5-65808CFE690C}"
EndProject
Project("{FAE04EC0-301F-11D3-BF4B-00C04F79EFBC}") = "RMS.Model", "RMS.Model\RMS.Model.csproj", "{AFC9D48B-D6FA-41E6-84BC-A43713B5E8B7}"
EndProject
Project("{FAE04EC0-301F-11D3-BF4B-00C04F79EFBC}") = "RMS.Repository", "RMS.Repository\RMS.Repository.csproj", "{AFC7D5EC-1324-49D5-B1E6-7239DC54220B}"
EndProject
Project("{FAE04EC0-301F-11D3-BF4B-00C04F79EFBC}") = "RMS.Service", "RMS.Service\RMS.Service.csproj", "{47285FC7-3A39-41DB-A30C-BBB386F37636}"
EndProject
Project("{FAE04EC0-301F-11D3-BF4B-00C04F79EFBC}") = "RMS.Test", "RMS.Test\RMS.Test.csproj", "{D0C4A3AE-33FD-44BD-9E82-6F37C5628ED0}"
EndProject
Project("{2150E333-8FDC-42A3-9474-1A3956D46DE8}") = "Solution Items", "Solution Items", "{D0CB903B-A2A0-4441-81C4-ED3C3C9E15A1}"
	ProjectSection(SolutionItems) = preProject
		..\..\APPDATA\LOCAL\MICROSOFT\VISUALSTUDIO\14.0\EXTENSIONS\Y1SKOXGF.IPZ\description.html = ..\..\APPDATA\LOCAL\MICROSOFT\VISUALSTUDIO\14.0\EXTENSIONS\Y1SKOXGF.IPZ\description.html
	EndProjectSection
EndProject
Global
	GlobalSection(SolutionConfigurationPlatforms) = preSolution
		Debug|Any CPU = Debug|Any CPU
		Release|Any CPU = Release|Any CPU
	EndGlobalSection
	GlobalSection(ProjectConfigurationPlatforms) = postSolution
		{1CAE3387-10C6-49F3-9FE5-65808CFE690C}.Debug|Any CPU.ActiveCfg = Debug|Any CPU
		{1CAE3387-10C6-49F3-9FE5-65808CFE690C}.Debug|Any CPU.Build.0 = Debug|Any CPU
		{1CAE3387-10C6-49F3-9FE5-65808CFE690C}.Release|Any CPU.ActiveCfg = Release|Any CPU
		{1CAE3387-10C6-49F3-9FE5-65808CFE690C}.Release|Any CPU.Build.0 = Release|Any CPU
		{AFC9D48B-D6FA-41E6-84BC-A43713B5E8B7}.Debug|Any CPU.ActiveCfg = Debug|Any CPU
		{AFC9D48B-D6FA-41E6-84BC-A43713B5E8B7}.Debug|Any CPU.Build.0 = Debug|Any CPU
		{AFC9D48B-D6FA-41E6-84BC-A43713B5E8B7}.Release|Any CPU.ActiveCfg = Release|Any CPU
		{AFC9D48B-D6FA-41E6-84BC-A43713B5E8B7}.Release|Any CPU.Build.0 = Release|Any CPU
		{AFC7D5EC-1324-49D5-B1E6-7239DC54220B}.Debug|Any CPU.ActiveCfg = Debug|Any CPU
		{AFC7D5EC-1324-49D5-B1E6-7239DC54220B}.Debug|Any CPU.Build.0 = Debug|Any CPU
		{AFC7D5EC-1324-49D5-B1E6-7239DC54220B}.Release|Any CPU.ActiveCfg = Release|Any CPU
		{AFC7D5EC-1324-49D5-B1E6-7239DC54220B}.Release|Any CPU.Build.0 = Release|Any CPU
		{47285FC7-3A39-41DB-A30C-BBB386F37636}.Debug|Any CPU.ActiveCfg = Debug|Any CPU
		{47285FC7-3A39-41DB-A30C-BBB386F37636}.Debug|Any CPU.Build.0 = Debug|Any CPU
		{47285FC7-3A39-41DB-A30C-BBB386F37636}.Release|Any CPU.ActiveCfg = Release|Any CPU
		{47285FC7-3A39-41DB-A30C-BBB386F37636}.Release|Any CPU.Build.0 = Release|Any CPU
		{D0C4A3AE-33FD-44BD-9E82-6F37C5628ED0}.Debug|Any CPU.ActiveCfg = Debug|Any CPU
		{D0C4A3AE-33FD-44BD-9E82-6F37C5628ED0}.Debug|Any CPU.Build.0 = Debug|Any CPU
		{D0C4A3AE-33FD-44BD-9E82-6F37C5628ED0}.Release|Any CPU.ActiveCfg = Release|Any CPU
		{D0C4A3AE-33FD-44BD-9E82-6F37C5628ED0}.Release|Any CPU.Build.0 = Release|Any CPU
	EndGlobalSection
	GlobalSection(SolutionProperties) = preSolution
		HideSolutionNode = FALSE
	EndGlobalSection
	GlobalSection(ExtensibilityGlobals) = postSolution
		SolutionGuid = {7D1F43AC-DAC5-4352-B145-9AA6C0EBB272}
	EndGlobalSection
EndGlobal
